
Microsoft Visual Studio Solution File, Format Version 12.00
# Visual Studio 15
VisualStudioVersion = 15.0.27703.2026
MinimumVisualStudioVersion = 10.0.40219.1
Project("{9A19103F-16F7-4668-BE54-9A1E7A4F7556}") = "AutoMapperPOC", "AutoMapperPOC\AutoMapperPOC.csproj", "{6712EA68-81AF-436B-A185-7B2A1835E7F4}"
EndProject
Project("{FAE04EC0-301F-11D3-BF4B-00C04F79EFBC}") = "Entities", "Entities\Entities.csproj", "{62AE3F03-1F8B-415D-9E69-F4767BD20C51}"
EndProject
Global
	GlobalSection(SolutionConfigurationPlatforms) = preSolution
		Debug|Any CPU = Debug|Any CPU
		Release|Any CPU = Release|Any CPU
	EndGlobalSection
	GlobalSection(ProjectConfigurationPlatforms) = postSolution
		{6712EA68-81AF-436B-A185-7B2A1835E7F4}.Debug|Any CPU.ActiveCfg = Debug|Any CPU
		{6712EA68-81AF-436B-A185-7B2A1835E7F4}.Debug|Any CPU.Build.0 = Debug|Any CPU
		{6712EA68-81AF-436B-A185-7B2A1835E7F4}.Release|Any CPU.ActiveCfg = Release|Any CPU
		{6712EA68-81AF-436B-A185-7B2A1835E7F4}.Release|Any CPU.Build.0 = Release|Any CPU
		{62AE3F03-1F8B-415D-9E69-F4767BD20C51}.Debug|Any CPU.ActiveCfg = Debug|Any CPU
		{62AE3F03-1F8B-415D-9E69-F4767BD20C51}.Debug|Any CPU.Build.0 = Debug|Any CPU
		{62AE3F03-1F8B-415D-9E69-F4767BD20C51}.Release|Any CPU.ActiveCfg = Release|Any CPU
		{62AE3F03-1F8B-415D-9E69-F4767BD20C51}.Release|Any CPU.Build.0 = Release|Any CPU
	EndGlobalSection
	GlobalSection(SolutionProperties) = preSolution
		HideSolutionNode = FALSE
	EndGlobalSection
	GlobalSection(ExtensibilityGlobals) = postSolution
		SolutionGuid = {D9ADC863-30B9-449C-A463-61A58D699812}
	EndGlobalSection
EndGlobal
